
Microsoft Visual Studio Solution File, Format Version 12.00
# Visual Studio Version 16
VisualStudioVersion = 16.0.30907.101
MinimumVisualStudioVersion = 10.0.40219.1
Project("{FAE04EC0-301F-11D3-BF4B-00C04F79EFBC}") = "RestaurantTRPZ.DAL", "RestaurantTRPZ.DAL\RestaurantTRPZ.DAL.csproj", "{8670ACC8-679D-40BC-A686-30604D043E4A}"
EndProject
Project("{FAE04EC0-301F-11D3-BF4B-00C04F79EFBC}") = "RestaurantTRPZ.BLL", "RestaurantTRPZ.BLL\RestaurantTRPZ.BLL.csproj", "{840255BD-E0D5-484B-88CA-F3AD92825224}"
EndProject
Project("{FAE04EC0-301F-11D3-BF4B-00C04F79EFBC}") = "RestaurantTRPZ.PL.CMD", "RestaurantTRPZ.PL.CMD\RestaurantTRPZ.PL.CMD.csproj", "{36897C5A-9682-4B34-92EA-F09BB01BFC9D}"
EndProject
Global
	GlobalSection(SolutionConfigurationPlatforms) = preSolution
		Debug|Any CPU = Debug|Any CPU
		Release|Any CPU = Release|Any CPU
	EndGlobalSection
	GlobalSection(ProjectConfigurationPlatforms) = postSolution
		{8670ACC8-679D-40BC-A686-30604D043E4A}.Debug|Any CPU.ActiveCfg = Debug|Any CPU
		{8670ACC8-679D-40BC-A686-30604D043E4A}.Debug|Any CPU.Build.0 = Debug|Any CPU
		{8670ACC8-679D-40BC-A686-30604D043E4A}.Release|Any CPU.ActiveCfg = Release|Any CPU
		{8670ACC8-679D-40BC-A686-30604D043E4A}.Release|Any CPU.Build.0 = Release|Any CPU
		{840255BD-E0D5-484B-88CA-F3AD92825224}.Debug|Any CPU.ActiveCfg = Debug|Any CPU
		{840255BD-E0D5-484B-88CA-F3AD92825224}.Debug|Any CPU.Build.0 = Debug|Any CPU
		{840255BD-E0D5-484B-88CA-F3AD92825224}.Release|Any CPU.ActiveCfg = Release|Any CPU
		{840255BD-E0D5-484B-88CA-F3AD92825224}.Release|Any CPU.Build.0 = Release|Any CPU
		{36897C5A-9682-4B34-92EA-F09BB01BFC9D}.Debug|Any CPU.ActiveCfg = Debug|Any CPU
		{36897C5A-9682-4B34-92EA-F09BB01BFC9D}.Debug|Any CPU.Build.0 = Debug|Any CPU
		{36897C5A-9682-4B34-92EA-F09BB01BFC9D}.Release|Any CPU.ActiveCfg = Release|Any CPU
		{36897C5A-9682-4B34-92EA-F09BB01BFC9D}.Release|Any CPU.Build.0 = Release|Any CPU
	EndGlobalSection
	GlobalSection(SolutionProperties) = preSolution
		HideSolutionNode = FALSE
	EndGlobalSection
	GlobalSection(ExtensibilityGlobals) = postSolution
		SolutionGuid = {FD9DA68B-A362-4F37-979B-64006C63572E}
	EndGlobalSection
EndGlobal
